# This file was autogenerated by Stack.
# You should not edit this file by hand.
# For more information, please see the documentation at:
#   https://docs.haskellstack.org/en/stable/lock_files

packages:
- completed:
    hackage: indexed-extras-0.2@sha256:e7e498023e33016fe45467dfee3c1379862e7e6654a806a965958fa1adc00304,1349
    pantry-tree:
      size: 299
      sha256: bdec8e8a81ac73c2350cf48eab2a7c1122e7e76a55980ac654a0cf4abf305df6
  original:
    hackage: indexed-extras-0.2@sha256:e7e498023e33016fe45467dfee3c1379862e7e6654a806a965958fa1adc00304,1349
- completed:
    hackage: type-level-sets-0.8.9.0@sha256:e29f4045b68e46e0f88153c63f48fb026917eeacafd9b81fc059417a85e68031,3123
    pantry-tree:
      size: 382
      sha256: e7b4e38017e1231b70c511f95a057692a43366408137639da510b25155662a09
  original:
    hackage: type-level-sets-0.8.9.0@sha256:e29f4045b68e46e0f88153c63f48fb026917eeacafd9b81fc059417a85e68031,3123
snapshots:
- completed:
    size: 565720
    url: https://raw.githubusercontent.com/commercialhaskell/stackage-snapshots/master/lts/17/8.yaml
    sha256: 76bf8992ff8dfe6eda9c02f81866138c2369344d5011ab39ae403457c4448b03
  original:
    url: https://raw.githubusercontent.com/commercialhaskell/stackage-snapshots/master/lts/17/8.yaml
